
Microsoft Visual Studio Solution File, Format Version 12.00
# Visual Studio Version 17
VisualStudioVersion = 17.14.37216.2 d17.14
MinimumVisualStudioVersion = 10.0.40219.1
Project("{FAE04EC0-301F-11D3-BF4B-00C04F79EFBC}") = "GymManager", "GymManager\GymManager.csproj", "{09F51C3B-DDCF-4499-9454-50C6E5E97078}"
EndProject
Global
	GlobalSection(SolutionConfigurationPlatforms) = preSolution
		Debug|Any CPU = Debug|Any CPU
		Release|Any CPU = Release|Any CPU
	EndGlobalSection
	GlobalSection(ProjectConfigurationPlatforms) = postSolution
		{09F51C3B-DDCF-4499-9454-50C6E5E97078}.Debug|Any CPU.ActiveCfg = Debug|Any CPU
		{09F51C3B-DDCF-4499-9454-50C6E5E97078}.Debug|Any CPU.Build.0 = Debug|Any CPU
		{09F51C3B-DDCF-4499-9454-50C6E5E97078}.Release|Any CPU.ActiveCfg = Release|Any CPU
		{09F51C3B-DDCF-4499-9454-50C6E5E97078}.Release|Any CPU.Build.0 = Release|Any CPU
	EndGlobalSection
	GlobalSection(SolutionProperties) = preSolution
		HideSolutionNode = FALSE
	EndGlobalSection
	GlobalSection(ExtensibilityGlobals) = postSolution
		SolutionGuid = {5BA69AA5-4DEE-4EBF-81EE-D46EA5F13EEF}
	EndGlobalSection
EndGlobal
